{
  "requires": true,
  "lockfileVersion": 1,
  "dependencies": {
    "idb": {
      "version": "7.0.0",
      "resolved": "https://registry.npmjs.org/idb/-/idb-7.0.0.tgz",
      "integrity": "sha512-jSx0WOY9Nj+QzP6wX5e7g64jqh8ExtDs/IAuOrOEZCD/h6+0HqyrKsDMfdJc0hqhSvh0LsrwqrkDn+EtjjzSRA=="
    }
  }
}
